{
  "requires": true,
  "lockfileVersion": 1,
  "dependencies": {
    "dotenv": {
      "version": "8.2.0",
      "resolved": "https://registry.npmjs.org/dotenv/-/dotenv-8.2.0.tgz",
      "integrity": "sha512-8sJ78ElpbDJBHNeBzUbUVLsqKdccaa/BXF1uPTw3GrvQTBgrQrtObr2mUrE38vzYd8cEv+m/JBfDLioYcfXoaw=="
    },
    "jquery-toast-plugin": {
      "version": "1.3.2",
      "resolved": "https://registry.npmjs.org/jquery-toast-plugin/-/jquery-toast-plugin-1.3.2.tgz",
      "integrity": "sha512-0j/nfqA2FHFuJXp8QL33EVVCY//TDVfq4LULhTbasZYl2aZlX6YiSF5IGrI31dQiS9S4JkXBUfX3rMJcfl/u/g=="
    }
  }
}
